// !$*UTF8*$!
{
	archiveVersion = 1;
	classes = {
	};
	objectVersion = 56;
	objects = {

/* Begin PBXBuildFile section */
		180E644D296F0D6F0082A18E /* AppDelegate.swift in Sources */ = {isa = PBXBuildFile; fileRef = 180E644C296F0D6F0082A18E /* AppDelegate.swift */; };
		180E644F296F0D6F0082A18E /* SceneDelegate.swift in Sources */ = {isa = PBXBuildFile; fileRef = 180E644E296F0D6F0082A18E /* SceneDelegate.swift */; };
		180E6456296F0D750082A18E /* Assets.xcassets in Resources */ = {isa = PBXBuildFile; fileRef = 180E6455296F0D750082A18E /* Assets.xcassets */; };
		180E6459296F0D750082A18E /* LaunchScreen.storyboard in Resources */ = {isa = PBXBuildFile; fileRef = 180E6457296F0D750082A18E /* LaunchScreen.storyboard */; };
		180E6461296F0E2C0082A18E /* InitialViewController.swift in Sources */ = {isa = PBXBuildFile; fileRef = 180E6460296F0E2C0082A18E /* InitialViewController.swift */; };
		180E6465296F0EB80082A18E /* User.swift in Sources */ = {isa = PBXBuildFile; fileRef = 180E6464296F0EB80082A18E /* User.swift */; };
		180E6467296F0EC40082A18E /* List.swift in Sources */ = {isa = PBXBuildFile; fileRef = 180E6466296F0EC40082A18E /* List.swift */; };
		1866A0962970A23700D2559B /* Task.swift in Sources */ = {isa = PBXBuildFile; fileRef = 1866A0952970A23700D2559B /* Task.swift */; };
		186A8058297064D6000A0A46 /* DetailTableViewController.swift in Sources */ = {isa = PBXBuildFile; fileRef = 186A8057297064D6000A0A46 /* DetailTableViewController.swift */; };
		18F64BEE296F3E0F00E6F040 /* ListTableViewController.swift in Sources */ = {isa = PBXBuildFile; fileRef = 18F64BED296F3E0E00E6F040 /* ListTableViewController.swift */; };
		18F64BF0296F4B9A00E6F040 /* GoogleService-Info.plist in Resources */ = {isa = PBXBuildFile; fileRef = 18F64BEF296F4B9900E6F040 /* GoogleService-Info.plist */; };
		B6C6704E02B681B5EB56EFA5 /* Pods_TaskList.framework in Frameworks */ = {isa = PBXBuildFile; fileRef = 3BB528C8E969F8D6547E6702 /* Pods_TaskList.framework */; };
/* End PBXBuildFile section */

/* Begin PBXFileReference section */
		180E6449296F0D6F0082A18E /* TaskList.app */ = {isa = PBXFileReference; explicitFileType = wrapper.application; includeInIndex = 0; path = TaskList.app; sourceTree = BUILT_PRODUCTS_DIR; };
		180E644C296F0D6F0082A18E /* AppDelegate.swift */ = {isa = PBXFileReference; lastKnownFileType = sourcecode.swift; path = AppDelegate.swift; sourceTree = "<group>"; };
		180E644E296F0D6F0082A18E /* SceneDelegate.swift */ = {isa = PBXFileReference; lastKnownFileType = sourcecode.swift; path = SceneDelegate.swift; sourceTree = "<group>"; };
		180E6455296F0D750082A18E /* Assets.xcassets */ = {isa = PBXFileReference; lastKnownFileType = folder.assetcatalog; path = Assets.xcassets; sourceTree = "<group>"; };
		180E6458296F0D750082A18E /* Base */ = {isa = PBXFileReference; lastKnownFileType = file.storyboard; name = Base; path = Base.lproj/LaunchScreen.storyboard; sourceTree = "<group>"; };
		180E645A296F0D750082A18E /* Info.plist */ = {isa = PBXFileReference; lastKnownFileType = text.plist.xml; path = Info.plist; sourceTree = "<group>"; };
		180E6460296F0E2C0082A18E /* InitialViewController.swift */ = {isa = PBXFileReference; lastKnownFileType = sourcecode.swift; path = InitialViewController.swift; sourceTree = "<group>"; };
		180E6464296F0EB80082A18E /* User.swift */ = {isa = PBXFileReference; lastKnownFileType = sourcecode.swift; path = User.swift; sourceTree = "<group>"; };
		180E6466296F0EC40082A18E /* List.swift */ = {isa = PBXFileReference; lastKnownFileType = sourcecode.swift; path = List.swift; sourceTree = "<group>"; };
		1866A0952970A23700D2559B /* Task.swift */ = {isa = PBXFileReference; lastKnownFileType = sourcecode.swift; path = Task.swift; sourceTree = "<group>"; };
		186A8057297064D6000A0A46 /* DetailTableViewController.swift */ = {isa = PBXFileReference; lastKnownFileType = sourcecode.swift; path = DetailTableViewController.swift; sourceTree = "<group>"; };
		18F64BED296F3E0E00E6F040 /* ListTableViewController.swift */ = {isa = PBXFileReference; lastKnownFileType = sourcecode.swift; path = ListTableViewController.swift; sourceTree = "<group>"; };
		18F64BEF296F4B9900E6F040 /* GoogleService-Info.plist */ = {isa = PBXFileReference; fileEncoding = 4; lastKnownFileType = text.plist.xml; path = "GoogleService-Info.plist"; sourceTree = "<group>"; };
		3BB528C8E969F8D6547E6702 /* Pods_TaskList.framework */ = {isa = PBXFileReference; explicitFileType = wrapper.framework; includeInIndex = 0; path = Pods_TaskList.framework; sourceTree = BUILT_PRODUCTS_DIR; };
		73EC69F4F2D42654658B7701 /* Pods-TaskList.debug.xcconfig */ = {isa = PBXFileReference; includeInIndex = 1; lastKnownFileType = text.xcconfig; name = "Pods-TaskList.debug.xcconfig"; path = "Target Support Files/Pods-TaskList/Pods-TaskList.debug.xcconfig"; sourceTree = "<group>"; };
		C1419F2C76C3D33E1088451F /* Pods-TaskList.release.xcconfig */ = {isa = PBXFileReference; includeInIndex = 1; lastKnownFileType = text.xcconfig; name = "Pods-TaskList.release.xcconfig"; path = "Target Support Files/Pods-TaskList/Pods-TaskList.release.xcconfig"; sourceTree = "<group>"; };
/* End PBXFileReference section */

/* Begin PBXFrameworksBuildPhase section */
		180E6446296F0D6F0082A18E /* Frameworks */ = {
			isa = PBXFrameworksBuildPhase;
			buildActionMask = 2147483647;
			files = (
				B6C6704E02B681B5EB56EFA5 /* Pods_TaskList.framework in Frameworks */,
			);
			runOnlyForDeploymentPostprocessing = 0;
		};
/* End PBXFrameworksBuildPhase section */

/* Begin PBXGroup section */
		17093D825741F163E0064B42 /* Frameworks */ = {
			isa = PBXGroup;
			children = (
				3BB528C8E969F8D6547E6702 /* Pods_TaskList.framework */,
			);
			name = Frameworks;
			sourceTree = "<group>";
		};
		180E6440296F0D6F0082A18E = {
			isa = PBXGroup;
			children = (
				180E644B296F0D6F0082A18E /* TaskList */,
				180E644A296F0D6F0082A18E /* Products */,
				D5E486AB4C91BD9860A95684 /* Pods */,
				17093D825741F163E0064B42 /* Frameworks */,
			);
			sourceTree = "<group>";
		};
		180E644A296F0D6F0082A18E /* Products */ = {
			isa = PBXGroup;
			children = (
				180E6449296F0D6F0082A18E /* TaskList.app */,
			);
			name = Products;
			sourceTree = "<group>";
		};
		180E644B296F0D6F0082A18E /* TaskList */ = {
			isa = PBXGroup;
			children = (
				180E6468296F0EE80082A18E /* Resources */,
				180E6463296F0EA40082A18E /* Model */,
				180E6462296F0E8C0082A18E /* ViewControllers */,
				180E6469296F17220082A18E /* View */,
				180E645A296F0D750082A18E /* Info.plist */,
				18F64BEF296F4B9900E6F040 /* GoogleService-Info.plist */,
			);
			path = TaskList;
			sourceTree = "<group>";
		};
		180E6462296F0E8C0082A18E /* ViewControllers */ = {
			isa = PBXGroup;
			children = (
				180E6460296F0E2C0082A18E /* InitialViewController.swift */,
				18F64BED296F3E0E00E6F040 /* ListTableViewController.swift */,
				186A8057297064D6000A0A46 /* DetailTableViewController.swift */,
			);
			path = ViewControllers;
			sourceTree = "<group>";
		};
		180E6463296F0EA40082A18E /* Model */ = {
			isa = PBXGroup;
			children = (
				180E6464296F0EB80082A18E /* User.swift */,
				180E6466296F0EC40082A18E /* List.swift */,
				1866A0952970A23700D2559B /* Task.swift */,
			);
			path = Model;
			sourceTree = "<group>";
		};
		180E6468296F0EE80082A18E /* Resources */ = {
			isa = PBXGroup;
			children = (
				180E6455296F0D750082A18E /* Assets.xcassets */,
				180E644C296F0D6F0082A18E /* AppDelegate.swift */,
				180E644E296F0D6F0082A18E /* SceneDelegate.swift */,
			);
			path = Resources;
			sourceTree = "<group>";
		};
		180E6469296F17220082A18E /* View */ = {
			isa = PBXGroup;
			children = (
				18C8234A29730E0600DB9A64 /* Screen */,
			);
			name = View;
			path = ViewControllers;
			sourceTree = "<group>";
		};
		18C8234A29730E0600DB9A64 /* Screen */ = {
			isa = PBXGroup;
			children = (
				180E6457296F0D750082A18E /* LaunchScreen.storyboard */,
			);
			path = Screen;
			sourceTree = "<group>";
		};
		D5E486AB4C91BD9860A95684 /* Pods */ = {
			isa = PBXGroup;
			children = (
				73EC69F4F2D42654658B7701 /* Pods-TaskList.debug.xcconfig */,
				C1419F2C76C3D33E1088451F /* Pods-TaskList.release.xcconfig */,
			);
			path = Pods;
			sourceTree = "<group>";
		};
/* End PBXGroup section */

/* Begin PBXNativeTarget section */
		180E6448296F0D6F0082A18E /* TaskList */ = {
			isa = PBXNativeTarget;
			buildConfigurationList = 180E645D296F0D750082A18E /* Build configuration list for PBXNativeTarget "TaskList" */;
			buildPhases = (
				81EF84C47DABD832EE20D0A6 /* [CP] Check Pods Manifest.lock */,
				180E6445296F0D6F0082A18E /* Sources */,
				180E6446296F0D6F0082A18E /* Frameworks */,
				180E6447296F0D6F0082A18E /* Resources */,
				0C48691DA1E97C26CCBBE46F /* [CP] Embed Pods Frameworks */,
			);
			buildRules = (
			);
			dependencies = (
			);
			name = TaskList;
			productName = TaskList_Firebase;
			productReference = 180E6449296F0D6F0082A18E /* TaskList.app */;
			productType = "com.apple.product-type.application";
		};
/* End PBXNativeTarget section */

/* Begin PBXProject section */
		180E6441296F0D6F0082A18E /* Project object */ = {
			isa = PBXProject;
			attributes = {
				BuildIndependentTargetsInParallel = 1;
				LastSwiftUpdateCheck = 1420;
				LastUpgradeCheck = 1420;
				TargetAttributes = {
					180E6448296F0D6F0082A18E = {
						CreatedOnToolsVersion = 14.2;
					};
				};
			};
			buildConfigurationList = 180E6444296F0D6F0082A18E /* Build configuration list for PBXProject "TaskList" */;
			compatibilityVersion = "Xcode 14.0";
			developmentRegion = en;
			hasScannedForEncodings = 0;
			knownRegions = (
				en,
				Base,
			);
			mainGroup = 180E6440296F0D6F0082A18E;
			productRefGroup = 180E644A296F0D6F0082A18E /* Products */;
			projectDirPath = "";
			projectRoot = "";
			targets = (
				180E6448296F0D6F0082A18E /* TaskList */,
			);
		};
/* End PBXProject section */

/* Begin PBXResourcesBuildPhase section */
		180E6447296F0D6F0082A18E /* Resources */ = {
			isa = PBXResourcesBuildPhase;
			buildActionMask = 2147483647;
			files = (
				180E6459296F0D750082A18E /* LaunchScreen.storyboard in Resources */,
				180E6456296F0D750082A18E /* Assets.xcassets in Resources */,
				18F64BF0296F4B9A00E6F040 /* GoogleService-Info.plist in Resources */,
			);
			runOnlyForDeploymentPostprocessing = 0;
		};
/* End PBXResourcesBuildPhase section */

/* Begin PBXShellScriptBuildPhase section */
		0C48691DA1E97C26CCBBE46F /* [CP] Embed Pods Frameworks */ = {
			isa = PBXShellScriptBuildPhase;
			buildActionMask = 2147483647;
			files = (
			);
			inputFileListPaths = (
				"${PODS_ROOT}/Target Support Files/Pods-TaskList/Pods-TaskList-frameworks-${CONFIGURATION}-input-files.xcfilelist",
			);
			name = "[CP] Embed Pods Frameworks";
			outputFileListPaths = (
				"${PODS_ROOT}/Target Support Files/Pods-TaskList/Pods-TaskList-frameworks-${CONFIGURATION}-output-files.xcfilelist",
			);
			runOnlyForDeploymentPostprocessing = 0;
			shellPath = /bin/sh;
			shellScript = "\"${PODS_ROOT}/Target Support Files/Pods-TaskList/Pods-TaskList-frameworks.sh\"\n";
			showEnvVarsInLog = 0;
		};
		81EF84C47DABD832EE20D0A6 /* [CP] Check Pods Manifest.lock */ = {
			isa = PBXShellScriptBuildPhase;
			buildActionMask = 2147483647;
			files = (
			);
			inputFileListPaths = (
			);
			inputPaths = (
				"${PODS_PODFILE_DIR_PATH}/Podfile.lock",
				"${PODS_ROOT}/Manifest.lock",
			);
			name = "[CP] Check Pods Manifest.lock";
			outputFileListPaths = (
			);
			outputPaths = (
				"$(DERIVED_FILE_DIR)/Pods-TaskList-checkManifestLockResult.txt",
			);
			runOnlyForDeploymentPostprocessing = 0;
			shellPath = /bin/sh;
			shellScript = "diff \"${PODS_PODFILE_DIR_PATH}/Podfile.lock\" \"${PODS_ROOT}/Manifest.lock\" > /dev/null\nif [ $? != 0 ] ; then\n    # print error to STDERR\n    echo \"error: The sandbox is not in sync with the Podfile.lock. Run 'pod install' or update your CocoaPods installation.\" >&2\n    exit 1\nfi\n# This output is used by Xcode 'outputs' to avoid re-running this script phase.\necho \"SUCCESS\" > \"${SCRIPT_OUTPUT_FILE_0}\"\n";
			showEnvVarsInLog = 0;
		};
/* End PBXShellScriptBuildPhase section */

/* Begin PBXSourcesBuildPhase section */
		180E6445296F0D6F0082A18E /* Sources */ = {
			isa = PBXSourcesBuildPhase;
			buildActionMask = 2147483647;
			files = (
				1866A0962970A23700D2559B /* Task.swift in Sources */,
				186A8058297064D6000A0A46 /* DetailTableViewController.swift in Sources */,
				180E6465296F0EB80082A18E /* User.swift in Sources */,
				180E6461296F0E2C0082A18E /* InitialViewController.swift in Sources */,
				180E6467296F0EC40082A18E /* List.swift in Sources */,
				18F64BEE296F3E0F00E6F040 /* ListTableViewController.swift in Sources */,
				180E644D296F0D6F0082A18E /* AppDelegate.swift in Sources */,
				180E644F296F0D6F0082A18E /* SceneDelegate.swift in Sources */,
			);
			runOnlyForDeploymentPostprocessing = 0;
		};
/* End PBXSourcesBuildPhase section */

/* Begin PBXVariantGroup section */
		180E6457296F0D750082A18E /* LaunchScreen.storyboard */ = {
			isa = PBXVariantGroup;
			children = (
				180E6458296F0D750082A18E /* Base */,
			);
			name = LaunchScreen.storyboard;
			sourceTree = "<group>";
		};
/* End PBXVariantGroup section */

/* Begin XCBuildConfiguration section */
		180E645B296F0D750082A18E /* Debug */ = {
			isa = XCBuildConfiguration;
			buildSettings = {
				ALWAYS_SEARCH_USER_PATHS = NO;
				CLANG_ANALYZER_NONNULL = YES;
				CLANG_ANALYZER_NUMBER_OBJECT_CONVERSION = YES_AGGRESSIVE;
				CLANG_CXX_LANGUAGE_STANDARD = "gnu++20";
				CLANG_ENABLE_MODULES = YES;
				CLANG_ENABLE_OBJC_ARC = YES;
				CLANG_ENABLE_OBJC_WEAK = YES;
				CLANG_WARN_BLOCK_CAPTURE_AUTORELEASING = YES;
				CLANG_WARN_BOOL_CONVERSION = YES;
				CLANG_WARN_COMMA = YES;
				CLANG_WARN_CONSTANT_CONVERSION = YES;
				CLANG_WARN_DEPRECATED_OBJC_IMPLEMENTATIONS = YES;
				CLANG_WARN_DIRECT_OBJC_ISA_USAGE = YES_ERROR;
				CLANG_WARN_DOCUMENTATION_COMMENTS = YES;
				CLANG_WARN_EMPTY_BODY = YES;
				CLANG_WARN_ENUM_CONVERSION = YES;
				CLANG_WARN_INFINITE_RECURSION = YES;
				CLANG_WARN_INT_CONVERSION = YES;
				CLANG_WARN_NON_LITERAL_NULL_CONVERSION = YES;
				CLANG_WARN_OBJC_IMPLICIT_RETAIN_SELF = YES;
				CLANG_WARN_OBJC_LITERAL_CONVERSION = YES;
				CLANG_WARN_OBJC_ROOT_CLASS = YES_ERROR;
				CLANG_WARN_QUOTED_INCLUDE_IN_FRAMEWORK_HEADER = YES;
				CLANG_WARN_RANGE_LOOP_ANALYSIS = YES;
				CLANG_WARN_STRICT_PROTOTYPES = YES;
				CLANG_WARN_SUSPICIOUS_MOVE = YES;
				CLANG_WARN_UNGUARDED_AVAILABILITY = YES_AGGRESSIVE;
				CLANG_WARN_UNREACHABLE_CODE = YES;
				CLANG_WARN__DUPLICATE_METHOD_MATCH = YES;
				COPY_PHASE_STRIP = NO;
				DEBUG_INFORMATION_FORMAT = dwarf;
				ENABLE_STRICT_OBJC_MSGSEND = YES;
				ENABLE_TESTABILITY = YES;
				GCC_C_LANGUAGE_STANDARD = gnu11;
				GCC_DYNAMIC_NO_PIC = NO;
				GCC_NO_COMMON_BLOCKS = YES;
				GCC_OPTIMIZATION_LEVEL = 0;
				GCC_PREPROCESSOR_DEFINITIONS = (
					"DEBUG=1",
					"$(inherited)",
				);
				GCC_WARN_64_TO_32_BIT_CONVERSION = YES;
				GCC_WARN_ABOUT_RETURN_TYPE = YES_ERROR;
				GCC_WARN_UNDECLARED_SELECTOR = YES;
				GCC_WARN_UNINITIALIZED_AUTOS = YES_AGGRESSIVE;
				GCC_WARN_UNUSED_FUNCTION = YES;
				GCC_WARN_UNUSED_VARIABLE = YES;
				IPHONEOS_DEPLOYMENT_TARGET = 16.2;
				MTL_ENABLE_DEBUG_INFO = INCLUDE_SOURCE;
				MTL_FAST_MATH = YES;
				ONLY_ACTIVE_ARCH = YES;
				SDKROOT = iphoneos;
				SWIFT_ACTIVE_COMPILATION_CONDITIONS = DEBUG;
				SWIFT_OPTIMIZATION_LEVEL = "-Onone";
			};
			name = Debug;
		};
		180E645C296F0D750082A18E /* Release */ = {
			isa = XCBuildConfiguration;
			buildSettings = {
				ALWAYS_SEARCH_USER_PATHS = NO;
				CLANG_ANALYZER_NONNULL = YES;
				CLANG_ANALYZER_NUMBER_OBJECT_CONVERSION = YES_AGGRESSIVE;
				CLANG_CXX_LANGUAGE_STANDARD = "gnu++20";
				CLANG_ENABLE_MODULES = YES;
				CLANG_ENABLE_OBJC_ARC = YES;
				CLANG_ENABLE_OBJC_WEAK = YES;
				CLANG_WARN_BLOCK_CAPTURE_AUTORELEASING = YES;
				CLANG_WARN_BOOL_CONVERSION = YES;
				CLANG_WARN_COMMA = YES;
				CLANG_WARN_CONSTANT_CONVERSION = YES;
				CLANG_WARN_DEPRECATED_OBJC_IMPLEMENTATIONS = YES;
				CLANG_WARN_DIRECT_OBJC_ISA_USAGE = YES_ERROR;
				CLANG_WARN_DOCUMENTATION_COMMENTS = YES;
				CLANG_WARN_EMPTY_BODY = YES;
				CLANG_WARN_ENUM_CONVERSION = YES;
				CLANG_WARN_INFINITE_RECURSION = YES;
				CLANG_WARN_INT_CONVERSION = YES;
				CLANG_WARN_NON_LITERAL_NULL_CONVERSION = YES;
				CLANG_WARN_OBJC_IMPLICIT_RETAIN_SELF = YES;
				CLANG_WARN_OBJC_LITERAL_CONVERSION = YES;
				CLANG_WARN_OBJC_ROOT_CLASS = YES_ERROR;
				CLANG_WARN_QUOTED_INCLUDE_IN_FRAMEWORK_HEADER = YES;
				CLANG_WARN_RANGE_LOOP_ANALYSIS = YES;
				CLANG_WARN_STRICT_PROTOTYPES = YES;
				CLANG_WARN_SUSPICIOUS_MOVE = YES;
				CLANG_WARN_UNGUARDED_AVAILABILITY = YES_AGGRESSIVE;
				CLANG_WARN_UNREACHABLE_CODE = YES;
				CLANG_WARN__DUPLICATE_METHOD_MATCH = YES;
				COPY_PHASE_STRIP = NO;
				DEBUG_INFORMATION_FORMAT = "dwarf-with-dsym";
				ENABLE_NS_ASSERTIONS = NO;
				ENABLE_STRICT_OBJC_MSGSEND = YES;
				GCC_C_LANGUAGE_STANDARD = gnu11;
				GCC_NO_COMMON_BLOCKS = YES;
				GCC_WARN_64_TO_32_BIT_CONVERSION = YES;
				GCC_WARN_ABOUT_RETURN_TYPE = YES_ERROR;
				GCC_WARN_UNDECLARED_SELECTOR = YES;
				GCC_WARN_UNINITIALIZED_AUTOS = YES_AGGRESSIVE;
				GCC_WARN_UNUSED_FUNCTION = YES;
				GCC_WARN_UNUSED_VARIABLE = YES;
				IPHONEOS_DEPLOYMENT_TARGET = 16.2;
				MTL_ENABLE_DEBUG_INFO = NO;
				MTL_FAST_MATH = YES;
				SDKROOT = iphoneos;
				SWIFT_COMPILATION_MODE = wholemodule;
				SWIFT_OPTIMIZATION_LEVEL = "-O";
				VALIDATE_PRODUCT = YES;
			};
			name = Release;
		};
		180E645E296F0D750082A18E /* Debug */ = {
			isa = XCBuildConfiguration;
			baseConfigurationReference = 73EC69F4F2D42654658B7701 /* Pods-TaskList.debug.xcconfig */;
			buildSettings = {
				ASSETCATALOG_COMPILER_APPICON_NAME = AppIcon;
				ASSETCATALOG_COMPILER_GLOBAL_ACCENT_COLOR_NAME = AccentColor;
				CODE_SIGN_STYLE = Automatic;
				CURRENT_PROJECT_VERSION = 1;
				DEVELOPMENT_TEAM = MFZAMPHM55;
				GENERATE_INFOPLIST_FILE = YES;
				INFOPLIST_FILE = TaskList/Info.plist;
				INFOPLIST_KEY_UIApplicationSupportsIndirectInputEvents = YES;
				INFOPLIST_KEY_UILaunchStoryboardName = LaunchScreen;
				INFOPLIST_KEY_UISupportedInterfaceOrientations = UIInterfaceOrientationPortrait;
				INFOPLIST_KEY_UISupportedInterfaceOrientations_iPad = "UIInterfaceOrientationPortrait UIInterfaceOrientationPortraitUpsideDown";
				LD_RUNPATH_SEARCH_PATHS = (
					"$(inherited)",
					"@executable_path/Frameworks",
				);
				MARKETING_VERSION = 1.0;
				PRODUCT_BUNDLE_IDENTIFIER = k.TaskList;
				PRODUCT_NAME = "$(TARGET_NAME)";
				SWIFT_EMIT_LOC_STRINGS = YES;
				SWIFT_VERSION = 5.0;
				TARGETED_DEVICE_FAMILY = "1,2";
			};
			name = Debug;
		};
		180E645F296F0D750082A18E /* Release */ = {
			isa = XCBuildConfiguration;
			baseConfigurationReference = C1419F2C76C3D33E1088451F /* Pods-TaskList.release.xcconfig */;
			buildSettings = {
				ASSETCATALOG_COMPILER_APPICON_NAME = AppIcon;
				ASSETCATALOG_COMPILER_GLOBAL_ACCENT_COLOR_NAME = AccentColor;
				CODE_SIGN_STYLE = Automatic;
				CURRENT_PROJECT_VERSION = 1;
				DEVELOPMENT_TEAM = MFZAMPHM55;
				GENERATE_INFOPLIST_FILE = YES;
				INFOPLIST_FILE = TaskList/Info.plist;
				INFOPLIST_KEY_UIApplicationSupportsIndirectInputEvents = YES;
				INFOPLIST_KEY_UILaunchStoryboardName = LaunchScreen;
				INFOPLIST_KEY_UISupportedInterfaceOrientations = UIInterfaceOrientationPortrait;
				INFOPLIST_KEY_UISupportedInterfaceOrientations_iPad = "UIInterfaceOrientationPortrait UIInterfaceOrientationPortraitUpsideDown";
				LD_RUNPATH_SEARCH_PATHS = (
					"$(inherited)",
					"@executable_path/Frameworks",
				);
				MARKETING_VERSION = 1.0;
				PRODUCT_BUNDLE_IDENTIFIER = k.TaskList;
				PRODUCT_NAME = "$(TARGET_NAME)";
				SWIFT_EMIT_LOC_STRINGS = YES;
				SWIFT_VERSION = 5.0;
				TARGETED_DEVICE_FAMILY = "1,2";
			};
			name = Release;
		};
/* End XCBuildConfiguration section */

/* Begin XCConfigurationList section */
		180E6444296F0D6F0082A18E /* Build configuration list for PBXProject "TaskList" */ = {
			isa = XCConfigurationList;
			buildConfigurations = (
				180E645B296F0D750082A18E /* Debug */,
				180E645C296F0D750082A18E /* Release */,
			);
			defaultConfigurationIsVisible = 0;
			defaultConfigurationName = Release;
		};
		180E645D296F0D750082A18E /* Build configuration list for PBXNativeTarget "TaskList" */ = {
			isa = XCConfigurationList;
			buildConfigurations = (
				180E645E296F0D750082A18E /* Debug */,
				180E645F296F0D750082A18E /* Release */,
			);
			defaultConfigurationIsVisible = 0;
			defaultConfigurationName = Release;
		};
/* End XCConfigurationList section */
	};
	rootObject = 180E6441296F0D6F0082A18E /* Project object */;
}
